{
  "name": "universal-slicer-table",
  "version": "0.8.6.0",
  "lockfileVersion": 3,
  "requires": true,
  "packages": {
    "": {
      "name": "universal-slicer-table",
      "version": "0.8.6.0",
      "license": "Unlicense",
      "dependencies": {
        "powerbi-visuals-api": "~5.3.0"
      },
      "devDependencies": {
        "typescript": "5.5.4"
      }
    },
    "node_modules/powerbi-visuals-api": {
      "version": "5.3.0",
      "resolved": "https://registry.npmjs.org/powerbi-visuals-api/-/powerbi-visuals-api-5.3.0.tgz",
      "integrity": "sha512-vtn8a4zV7Iwf/a0ri9LbKcJSjYmSf7XuM8aiENz+oqTa5S0sLuLBP/+O0XDMhg9Qb2sCe43O5KUVAXfk4Vjv2w==",
      "license": "MIT",
      "dependencies": {
        "semver": "^7.3.5"
      }
    },
    "node_modules/semver": {
      "version": "7.8.0",
      "resolved": "https://registry.npmjs.org/semver/-/semver-7.8.0.tgz",
      "integrity": "sha512-AcM7dV/5ul4EekoQ29Agm5vri8JNqRyj39o0qpX6vDF2GZrtutZl5RwgD1XnZjiTAfncsJhMI48QQH3sN87YNA==",
      "license": "ISC",
      "bin": {
        "semver": "bin/semver.js"
      },
      "engines": {
        "node": ">=10"
      }
    },
    "node_modules/typescript": {
      "version": "5.5.4",
      "resolved": "https://registry.npmjs.org/typescript/-/typescript-5.5.4.tgz",
      "integrity": "sha512-Mtq29sKDAEYP7aljRgtPOpTvOfbwRWlS6dPRzwjdE+C0R4brX/GUyhHSecbHMFLNBLcJIPt9nl9yG5TZ1weH+Q==",
      "dev": true,
      "license": "Apache-2.0",
      "bin": {
        "tsc": "bin/tsc",
        "tsserver": "bin/tsserver"
      },
      "engines": {
        "node": ">=14.17"
      }
    }
  }
}
